hash: 68039bead0ef64dcd93b0912af1e6aadc54ffaa92ea6c48108c03bae5bd5a14b
updated: 2018-12-17T02:28:10.20783Z
imports:
- name: github.com/google/go-cmp
  version: 2248b49eaa8e1c8c0963ee77b40841adbc19d4ca
  subpackages:
  - cmp
  - cmp/internal/diff
  - cmp/internal/function
  - cmp/internal/value
- name: github.com/gorilla/websocket
  version: 95ba29eb981bbb27d92e1f70bf8a1949452d926b
- name: github.com/natefinch/atomic
  version: a62ce929ffcc871a51e98c6eba7b20321e3ed62d
- name: github.com/robvanmieghem/go-opencl
  version: 5ca28f1a8220f79ffacbaa12e4dff1628b708307
  subpackages:
  - cl
- name: golang.org/x/crypto
  version: 505ab145d0a99da450461ae2c1a9f6cd10d1f447
  subpackages:
  - blake2b
- name: golang.org/x/sys
  version: 4d1cda033e0619309c606fc686de3adcf599539e
  subpackages:
  - cpu
testImports: []
